github.com/adityatelange/hugo-PaperMod v0.0.0-20220512162033-cd65d698fce3 h1:Yyobn6iuFfFrVKIJdkCTGeJROfadQ+MslIZTKiIYR/4=
github.com/adityatelange/hugo-PaperMod v0.0.0-20220512162033-cd65d698fce3/go.mod h1:HCHxNMKYdGafUYjVV3ICiAqznZK2yH0iI53jqcDFDdQ=
github.com/adityatelange/hugo-PaperMod v0.0.0-20220517163009-e59a43c00d6f h1:dm55BoJ1AhwqgxnjSZipG1rRX8ounDYYmSOH5abcA44=
github.com/adityatelange/hugo-PaperMod v0.0.0-20220517163009-e59a43c00d6f/go.mod h1:HCHxNMKYdGafUYjVV3ICiAqznZK2yH0iI53jqcDFDdQ=
github.com/adityatelange/hugo-PaperMod v0.0.0-20220527171932-6aced45a65a8 h1:vv5U90zV+BtdfEZVwPZcaDtsQf+PXdkyTzVJrdgtzOU=
github.com/adityatelange/hugo-PaperMod v0.0.0-20220527171932-6aced45a65a8/go.mod h1:HCHxNMKYdGafUYjVV3ICiAqznZK2yH0iI53jqcDFDdQ=
